
Microsoft Visual Studio Solution File, Format Version 12.00
# Visual Studio Version 16
VisualStudioVersion = 16.0.29326.143
MinimumVisualStudioVersion = 10.0.40219.1
Project("{FAE04EC0-301F-11D3-BF4B-00C04F79EFBC}") = "RTS.Models", "RTS.Models\RTS.Models.csproj", "{392EC3AE-65E3-4795-A8B9-BDC61E3789B7}"
EndProject
Project("{FAE04EC0-301F-11D3-BF4B-00C04F79EFBC}") = "RTS.Database", "RTS.Database\RTS.Database.csproj", "{97D97E47-9DFD-4D18-AAA5-668F1D25A825}"
EndProject
Project("{FAE04EC0-301F-11D3-BF4B-00C04F79EFBC}") = "RTS.Database.Tests", "RTS.Database.Tests\RTS.Database.Tests.csproj", "{4E9F39D1-4988-4850-99D1-56946BB699DB}"
EndProject
Project("{FAE04EC0-301F-11D3-BF4B-00C04F79EFBC}") = "RTS.Configuration", "RTS.Configuration\RTS.Configuration.csproj", "{E5C4740E-34D2-452E-816A-D4B4D633C28A}"
EndProject
Project("{FAE04EC0-301F-11D3-BF4B-00C04F79EFBC}") = "RTS.Simulator", "RTS.Simulator\RTS.Simulator.csproj", "{4D4DAA4C-BEE3-4C2F-A6F7-D573733D202D}"
EndProject
Project("{FAE04EC0-301F-11D3-BF4B-00C04F79EFBC}") = "RTS.Database.Extraction", "RTS.Database.Extraction\RTS.Database.Extraction.csproj", "{BF8BDDF9-8567-4B0D-8368-73BA94125A3B}"
EndProject
Project("{FAE04EC0-301F-11D3-BF4B-00C04F79EFBC}") = "RTS.Server.Messages", "RTS.Server.Messages\RTS.Server.Messages.csproj", "{A7899E5C-71CD-49E3-8FD7-69D08E88CF7D}"
EndProject
Project("{FAE04EC0-301F-11D3-BF4B-00C04F79EFBC}") = "RTS.DarkRift.Plugins", "RTS.DarkRift.Plugins\RTS.DarkRift.Plugins.csproj", "{60B3D59D-5706-434C-8B16-D3E8019105CF}"
	ProjectSection(ProjectDependencies) = postProject
		{E5C4740E-34D2-452E-816A-D4B4D633C28A} = {E5C4740E-34D2-452E-816A-D4B4D633C28A}
		{97D97E47-9DFD-4D18-AAA5-668F1D25A825} = {97D97E47-9DFD-4D18-AAA5-668F1D25A825}
		{4D4DAA4C-BEE3-4C2F-A6F7-D573733D202D} = {4D4DAA4C-BEE3-4C2F-A6F7-D573733D202D}
		{392EC3AE-65E3-4795-A8B9-BDC61E3789B7} = {392EC3AE-65E3-4795-A8B9-BDC61E3789B7}
	EndProjectSection
EndProject
Project("{2150E333-8FDC-42A3-9474-1A3956D46DE8}") = "RTS.Servers", "RTS.Servers", "{CB7ED6CF-4FA3-4050-87E4-5409EDB47189}"
EndProject
Project("{2150E333-8FDC-42A3-9474-1A3956D46DE8}") = "RTS.Database", "RTS.Database", "{0FCB22A5-9991-4BC7-9375-01EA1912B382}"
EndProject
Project("{2150E333-8FDC-42A3-9474-1A3956D46DE8}") = "RTS.Logic", "RTS.Logic", "{D12174E8-345B-481C-AA34-D653CF524D74}"
EndProject
Project("{FAE04EC0-301F-11D3-BF4B-00C04F79EFBC}") = "RTS.Server.GameServer", "RTS.Server.GameServer\RTS.Server.GameServer.csproj", "{9F8E0456-637C-49B4-8604-EF9B97866913}"
	ProjectSection(ProjectDependencies) = postProject
		{E5C4740E-34D2-452E-816A-D4B4D633C28A} = {E5C4740E-34D2-452E-816A-D4B4D633C28A}
		{97D97E47-9DFD-4D18-AAA5-668F1D25A825} = {97D97E47-9DFD-4D18-AAA5-668F1D25A825}
		{4D4DAA4C-BEE3-4C2F-A6F7-D573733D202D} = {4D4DAA4C-BEE3-4C2F-A6F7-D573733D202D}
		{A7899E5C-71CD-49E3-8FD7-69D08E88CF7D} = {A7899E5C-71CD-49E3-8FD7-69D08E88CF7D}
		{392EC3AE-65E3-4795-A8B9-BDC61E3789B7} = {392EC3AE-65E3-4795-A8B9-BDC61E3789B7}
	EndProjectSection
EndProject
Project("{FAE04EC0-301F-11D3-BF4B-00C04F79EFBC}") = "RTS.Server", "RTS.Server\RTS.Server.csproj", "{3DEBDAB0-E415-4284-AB74-7315D380742A}"
	ProjectSection(ProjectDependencies) = postProject
		{E5C4740E-34D2-452E-816A-D4B4D633C28A} = {E5C4740E-34D2-452E-816A-D4B4D633C28A}
		{97D97E47-9DFD-4D18-AAA5-668F1D25A825} = {97D97E47-9DFD-4D18-AAA5-668F1D25A825}
		{4D4DAA4C-BEE3-4C2F-A6F7-D573733D202D} = {4D4DAA4C-BEE3-4C2F-A6F7-D573733D202D}
		{A7899E5C-71CD-49E3-8FD7-69D08E88CF7D} = {A7899E5C-71CD-49E3-8FD7-69D08E88CF7D}
		{392EC3AE-65E3-4795-A8B9-BDC61E3789B7} = {392EC3AE-65E3-4795-A8B9-BDC61E3789B7}
	EndProjectSection
EndProject
Project("{FAE04EC0-301F-11D3-BF4B-00C04F79EFBC}") = "RTS.Server.LoginServer", "RTS.Server.LoginServer\RTS.Server.LoginServer.csproj", "{C4B25063-8267-4943-95F3-C112D753AE26}"
EndProject
Project("{FAE04EC0-301F-11D3-BF4B-00C04F79EFBC}") = "RTS.Server.WorldServer", "RTS.Server.WorldServer\RTS.Server.WorldServer.csproj", "{E069DEC3-4AA3-4541-9A9C-5AF2DF76ED64}"
EndProject
Project("{FAE04EC0-301F-11D3-BF4B-00C04F79EFBC}") = "RTS.Server.Console", "RTS.Server.Console\RTS.Server.Console.csproj", "{6598A39A-D3E7-4B85-B71C-5B604F4F2D5C}"
EndProject
Project("{FAE04EC0-301F-11D3-BF4B-00C04F79EFBC}") = "RTS.Models.Server", "RTS.Models.Server\RTS.Models.Server.csproj", "{75F68609-734B-4BB1-91B5-1876A8E36718}"
EndProject
Global
	GlobalSection(SolutionConfigurationPlatforms) = preSolution
		Debug|Any CPU = Debug|Any CPU
		Release|Any CPU = Release|Any CPU
	EndGlobalSection
	GlobalSection(ProjectConfigurationPlatforms) = postSolution
		{392EC3AE-65E3-4795-A8B9-BDC61E3789B7}.Debug|Any CPU.ActiveCfg = Debug|Any CPU
		{392EC3AE-65E3-4795-A8B9-BDC61E3789B7}.Debug|Any CPU.Build.0 = Debug|Any CPU
		{392EC3AE-65E3-4795-A8B9-BDC61E3789B7}.Release|Any CPU.ActiveCfg = Release|Any CPU
		{392EC3AE-65E3-4795-A8B9-BDC61E3789B7}.Release|Any CPU.Build.0 = Release|Any CPU
		{97D97E47-9DFD-4D18-AAA5-668F1D25A825}.Debug|Any CPU.ActiveCfg = Debug|Any CPU
		{97D97E47-9DFD-4D18-AAA5-668F1D25A825}.Debug|Any CPU.Build.0 = Debug|Any CPU
		{97D97E47-9DFD-4D18-AAA5-668F1D25A825}.Release|Any CPU.ActiveCfg = Release|Any CPU
		{97D97E47-9DFD-4D18-AAA5-668F1D25A825}.Release|Any CPU.Build.0 = Release|Any CPU
		{4E9F39D1-4988-4850-99D1-56946BB699DB}.Debug|Any CPU.ActiveCfg = Debug|Any CPU
		{4E9F39D1-4988-4850-99D1-56946BB699DB}.Debug|Any CPU.Build.0 = Debug|Any CPU
		{4E9F39D1-4988-4850-99D1-56946BB699DB}.Release|Any CPU.ActiveCfg = Release|Any CPU
		{4E9F39D1-4988-4850-99D1-56946BB699DB}.Release|Any CPU.Build.0 = Release|Any CPU
		{E5C4740E-34D2-452E-816A-D4B4D633C28A}.Debug|Any CPU.ActiveCfg = Debug|Any CPU
		{E5C4740E-34D2-452E-816A-D4B4D633C28A}.Debug|Any CPU.Build.0 = Debug|Any CPU
		{E5C4740E-34D2-452E-816A-D4B4D633C28A}.Release|Any CPU.ActiveCfg = Release|Any CPU
		{E5C4740E-34D2-452E-816A-D4B4D633C28A}.Release|Any CPU.Build.0 = Release|Any CPU
		{4D4DAA4C-BEE3-4C2F-A6F7-D573733D202D}.Debug|Any CPU.ActiveCfg = Debug|Any CPU
		{4D4DAA4C-BEE3-4C2F-A6F7-D573733D202D}.Debug|Any CPU.Build.0 = Debug|Any CPU
		{4D4DAA4C-BEE3-4C2F-A6F7-D573733D202D}.Release|Any CPU.ActiveCfg = Release|Any CPU
		{4D4DAA4C-BEE3-4C2F-A6F7-D573733D202D}.Release|Any CPU.Build.0 = Release|Any CPU
		{BF8BDDF9-8567-4B0D-8368-73BA94125A3B}.Debug|Any CPU.ActiveCfg = Debug|Any CPU
		{BF8BDDF9-8567-4B0D-8368-73BA94125A3B}.Debug|Any CPU.Build.0 = Debug|Any CPU
		{BF8BDDF9-8567-4B0D-8368-73BA94125A3B}.Release|Any CPU.ActiveCfg = Release|Any CPU
		{BF8BDDF9-8567-4B0D-8368-73BA94125A3B}.Release|Any CPU.Build.0 = Release|Any CPU
		{A7899E5C-71CD-49E3-8FD7-69D08E88CF7D}.Debug|Any CPU.ActiveCfg = Debug|Any CPU
		{A7899E5C-71CD-49E3-8FD7-69D08E88CF7D}.Debug|Any CPU.Build.0 = Debug|Any CPU
		{A7899E5C-71CD-49E3-8FD7-69D08E88CF7D}.Release|Any CPU.ActiveCfg = Release|Any CPU
		{A7899E5C-71CD-49E3-8FD7-69D08E88CF7D}.Release|Any CPU.Build.0 = Release|Any CPU
		{60B3D59D-5706-434C-8B16-D3E8019105CF}.Debug|Any CPU.ActiveCfg = Debug|Any CPU
		{60B3D59D-5706-434C-8B16-D3E8019105CF}.Release|Any CPU.ActiveCfg = Release|Any CPU
		{60B3D59D-5706-434C-8B16-D3E8019105CF}.Release|Any CPU.Build.0 = Release|Any CPU
		{9F8E0456-637C-49B4-8604-EF9B97866913}.Debug|Any CPU.ActiveCfg = Debug|Any CPU
		{9F8E0456-637C-49B4-8604-EF9B97866913}.Debug|Any CPU.Build.0 = Debug|Any CPU
		{9F8E0456-637C-49B4-8604-EF9B97866913}.Release|Any CPU.ActiveCfg = Release|Any CPU
		{9F8E0456-637C-49B4-8604-EF9B97866913}.Release|Any CPU.Build.0 = Release|Any CPU
		{3DEBDAB0-E415-4284-AB74-7315D380742A}.Debug|Any CPU.ActiveCfg = Debug|Any CPU
		{3DEBDAB0-E415-4284-AB74-7315D380742A}.Debug|Any CPU.Build.0 = Debug|Any CPU
		{3DEBDAB0-E415-4284-AB74-7315D380742A}.Release|Any CPU.ActiveCfg = Release|Any CPU
		{3DEBDAB0-E415-4284-AB74-7315D380742A}.Release|Any CPU.Build.0 = Release|Any CPU
		{C4B25063-8267-4943-95F3-C112D753AE26}.Debug|Any CPU.ActiveCfg = Debug|Any CPU
		{C4B25063-8267-4943-95F3-C112D753AE26}.Debug|Any CPU.Build.0 = Debug|Any CPU
		{C4B25063-8267-4943-95F3-C112D753AE26}.Release|Any CPU.ActiveCfg = Release|Any CPU
		{C4B25063-8267-4943-95F3-C112D753AE26}.Release|Any CPU.Build.0 = Release|Any CPU
		{E069DEC3-4AA3-4541-9A9C-5AF2DF76ED64}.Debug|Any CPU.ActiveCfg = Debug|Any CPU
		{E069DEC3-4AA3-4541-9A9C-5AF2DF76ED64}.Debug|Any CPU.Build.0 = Debug|Any CPU
		{E069DEC3-4AA3-4541-9A9C-5AF2DF76ED64}.Release|Any CPU.ActiveCfg = Release|Any CPU
		{E069DEC3-4AA3-4541-9A9C-5AF2DF76ED64}.Release|Any CPU.Build.0 = Release|Any CPU
		{6598A39A-D3E7-4B85-B71C-5B604F4F2D5C}.Debug|Any CPU.ActiveCfg = Debug|Any CPU
		{6598A39A-D3E7-4B85-B71C-5B604F4F2D5C}.Debug|Any CPU.Build.0 = Debug|Any CPU
		{6598A39A-D3E7-4B85-B71C-5B604F4F2D5C}.Release|Any CPU.ActiveCfg = Release|Any CPU
		{6598A39A-D3E7-4B85-B71C-5B604F4F2D5C}.Release|Any CPU.Build.0 = Release|Any CPU
		{75F68609-734B-4BB1-91B5-1876A8E36718}.Debug|Any CPU.ActiveCfg = Debug|Any CPU
		{75F68609-734B-4BB1-91B5-1876A8E36718}.Debug|Any CPU.Build.0 = Debug|Any CPU
		{75F68609-734B-4BB1-91B5-1876A8E36718}.Release|Any CPU.ActiveCfg = Release|Any CPU
		{75F68609-734B-4BB1-91B5-1876A8E36718}.Release|Any CPU.Build.0 = Release|Any CPU
	EndGlobalSection
	GlobalSection(SolutionProperties) = preSolution
		HideSolutionNode = FALSE
	EndGlobalSection
	GlobalSection(NestedProjects) = preSolution
		{392EC3AE-65E3-4795-A8B9-BDC61E3789B7} = {D12174E8-345B-481C-AA34-D653CF524D74}
		{97D97E47-9DFD-4D18-AAA5-668F1D25A825} = {0FCB22A5-9991-4BC7-9375-01EA1912B382}
		{4E9F39D1-4988-4850-99D1-56946BB699DB} = {0FCB22A5-9991-4BC7-9375-01EA1912B382}
		{4D4DAA4C-BEE3-4C2F-A6F7-D573733D202D} = {D12174E8-345B-481C-AA34-D653CF524D74}
		{BF8BDDF9-8567-4B0D-8368-73BA94125A3B} = {0FCB22A5-9991-4BC7-9375-01EA1912B382}
		{A7899E5C-71CD-49E3-8FD7-69D08E88CF7D} = {CB7ED6CF-4FA3-4050-87E4-5409EDB47189}
		{60B3D59D-5706-434C-8B16-D3E8019105CF} = {CB7ED6CF-4FA3-4050-87E4-5409EDB47189}
		{9F8E0456-637C-49B4-8604-EF9B97866913} = {CB7ED6CF-4FA3-4050-87E4-5409EDB47189}
		{3DEBDAB0-E415-4284-AB74-7315D380742A} = {CB7ED6CF-4FA3-4050-87E4-5409EDB47189}
		{C4B25063-8267-4943-95F3-C112D753AE26} = {CB7ED6CF-4FA3-4050-87E4-5409EDB47189}
		{E069DEC3-4AA3-4541-9A9C-5AF2DF76ED64} = {CB7ED6CF-4FA3-4050-87E4-5409EDB47189}
		{6598A39A-D3E7-4B85-B71C-5B604F4F2D5C} = {CB7ED6CF-4FA3-4050-87E4-5409EDB47189}
		{75F68609-734B-4BB1-91B5-1876A8E36718} = {D12174E8-345B-481C-AA34-D653CF524D74}
	EndGlobalSection
	GlobalSection(ExtensibilityGlobals) = postSolution
		SolutionGuid = {88C6020F-4AD2-48FC-A687-1C6B6606ED4A}
	EndGlobalSection
EndGlobal
